{
    "_readme": [
        "This file locks the dependencies of your project to a known state",
        "Read more about it at https://getcomposer.org/doc/01-basic-usage.md#installing-dependencies",
        "This file is @generated automatically"
    ],
    "content-hash": "b4c274efdc07c388a53b00b89fbed0f1",
    "packages": [
        {
            "name": "marshmallow/commands",
            "version": "v1.2.1",
            "source": {
                "type": "git",
                "url": "https://github.com/marshmallow-packages/commands.git",
                "reference": "7006acf51ce19895c1d5f779d3b6b98836421119"
            },
            "dist": {
                "type": "zip",
                "url": "https://api.github.com/repos/marshmallow-packages/commands/zipball/7006acf51ce19895c1d5f779d3b6b98836421119",
                "reference": "7006acf51ce19895c1d5f779d3b6b98836421119",
                "shasum": ""
            },
            "require": {
                "php": "^7.0|^8.0"
            },
            "type": "library",
            "extra": {
                "laravel": {
                    "providers": [
                        "Marshmallow\\Commands\\CommandsServiceProvider"
                    ]
                }
            },
            "autoload": {
                "psr-4": {
                    "Marshmallow\\Commands\\": "src"
                }
            },
            "notification-url": "https://packagist.org/downloads/",
            "license": [
                "MIT"
            ],
            "authors": [
                {
                    "name": "Stef",
                    "email": "stef@marshmallow.dev",
                    "homepage": "https://marshmallow.dev",
                    "role": "Developer"
                }
            ],
            "description": "Verschillende handige commands.",
            "homepage": "https://marshmallow.dev/",
            "keywords": [
                "marshmallow"
            ],
            "support": {
                "email": "stef@marshmallow.dev",
                "issues": "https://github.com/marshmallow-packages/commands/issues",
                "source": "https://github.com/marshmallow-packages/commands/tree/v1.2.1"
            },
            "time": "2021-04-07T10:51:20+00:00"
        }
    ],
    "packages-dev": [],
    "aliases": [],
    "minimum-stability": "dev",
    "stability-flags": [],
    "prefer-stable": false,
    "prefer-lowest": false,
    "platform": {
        "php": "^7.1|^8.0"
    },
    "platform-dev": [],
    "plugin-api-version": "2.0.0"
}
